// !$*UTF8*$!
{
	archiveVersion = 1;
	classes = {
	};
	objectVersion = 46;
	objects = {

/* Begin PBXBuildFile section */
		D3C7A1231BCF13B60067C3D7 /* AppDelegate.swift in Sources */ = {isa = PBXBuildFile; fileRef = D3C7A1221BCF13B60067C3D7 /* AppDelegate.swift */; };
		D3C7A1251BCF13B60067C3D7 /* ViewController.swift in Sources */ = {isa = PBXBuildFile; fileRef = D3C7A1241BCF13B60067C3D7 /* ViewController.swift */; };
		D3C7A1281BCF13B60067C3D7 /* Main.storyboard in Resources */ = {isa = PBXBuildFile; fileRef = D3C7A1261BCF13B60067C3D7 /* Main.storyboard */; };
		D3C7A12A1BCF13B60067C3D7 /* Assets.xcassets in Resources */ = {isa = PBXBuildFile; fileRef = D3C7A1291BCF13B60067C3D7 /* Assets.xcassets */; };
		D3C7A12D1BCF13B60067C3D7 /* LaunchScreen.storyboard in Resources */ = {isa = PBXBuildFile; fileRef = D3C7A12B1BCF13B60067C3D7 /* LaunchScreen.storyboard */; };
		D3C7A1351BCF164F0067C3D7 /* splash.jpg in Resources */ = {isa = PBXBuildFile; fileRef = D3C7A1341BCF164F0067C3D7 /* splash.jpg */; settings = {ASSET_TAGS = (); }; };
		D3C7A1371BCF23C50067C3D7 /* Libreria.swift in Sources */ = {isa = PBXBuildFile; fileRef = D3C7A1361BCF23C50067C3D7 /* Libreria.swift */; settings = {ASSET_TAGS = (); }; };
/* End PBXBuildFile section */

/* Begin PBXFileReference section */
		D3C7A11F1BCF13B60067C3D7 /* Jueguito.app */ = {isa = PBXFileReference; explicitFileType = wrapper.application; includeInIndex = 0; path = Jueguito.app; sourceTree = BUILT_PRODUCTS_DIR; };
		D3C7A1221BCF13B60067C3D7 /* AppDelegate.swift */ = {isa = PBXFileReference; lastKnownFileType = sourcecode.swift; path = AppDelegate.swift; sourceTree = "<group>"; };
		D3C7A1241BCF13B60067C3D7 /* ViewController.swift */ = {isa = PBXFileReference; lastKnownFileType = sourcecode.swift; path = ViewController.swift; sourceTree = "<group>"; };
		D3C7A1271BCF13B60067C3D7 /* Base */ = {isa = PBXFileReference; lastKnownFileType = file.storyboard; name = Base; path = Base.lproj/Main.storyboard; sourceTree = "<group>"; };
		D3C7A1291BCF13B60067C3D7 /* Assets.xcassets */ = {isa = PBXFileReference; lastKnownFileType = folder.assetcatalog; path = Assets.xcassets; sourceTree = "<group>"; };
		D3C7A12C1BCF13B60067C3D7 /* Base */ = {isa = PBXFileReference; lastKnownFileType = file.storyboard; name = Base; path = Base.lproj/LaunchScreen.storyboard; sourceTree = "<group>"; };
		D3C7A12E1BCF13B60067C3D7 /* Info.plist */ = {isa = PBXFileReference; lastKnownFileType = text.plist.xml; path = Info.plist; sourceTree = "<group>"; };
		D3C7A1341BCF164F0067C3D7 /* splash.jpg */ = {isa = PBXFileReference; lastKnownFileType = image.jpeg; path = splash.jpg; sourceTree = "<group>"; };
		D3C7A1361BCF23C50067C3D7 /* Libreria.swift */ = {isa = PBXFileReference; fileEncoding = 4; lastKnownFileType = sourcecode.swift; path = Libreria.swift; sourceTree = "<group>"; };
/* End PBXFileReference section */

/* Begin PBXFrameworksBuildPhase section */
		D3C7A11C1BCF13B60067C3D7 /* Frameworks */ = {
			isa = PBXFrameworksBuildPhase;
			buildActionMask = 2147483647;
			files = (
			);
			runOnlyForDeploymentPostprocessing = 0;
		};
/* End PBXFrameworksBuildPhase section */

/* Begin PBXGroup section */
		D3C7A1161BCF13B60067C3D7 = {
			isa = PBXGroup;
			children = (
				D3C7A1211BCF13B60067C3D7 /* Jueguito */,
				D3C7A1201BCF13B60067C3D7 /* Products */,
			);
			sourceTree = "<group>";
		};
		D3C7A1201BCF13B60067C3D7 /* Products */ = {
			isa = PBXGroup;
			children = (
				D3C7A11F1BCF13B60067C3D7 /* Jueguito.app */,
			);
			name = Products;
			sourceTree = "<group>";
		};
		D3C7A1211BCF13B60067C3D7 /* Jueguito */ = {
			isa = PBXGroup;
			children = (
				D3C7A1341BCF164F0067C3D7 /* splash.jpg */,
				D3C7A1221BCF13B60067C3D7 /* AppDelegate.swift */,
				D3C7A1241BCF13B60067C3D7 /* ViewController.swift */,
				D3C7A1261BCF13B60067C3D7 /* Main.storyboard */,
				D3C7A1291BCF13B60067C3D7 /* Assets.xcassets */,
				D3C7A12B1BCF13B60067C3D7 /* LaunchScreen.storyboard */,
				D3C7A12E1BCF13B60067C3D7 /* Info.plist */,
				D3C7A1361BCF23C50067C3D7 /* Libreria.swift */,
			);
			path = Jueguito;
			sourceTree = "<group>";
		};
/* End PBXGroup section */

/* Begin PBXNativeTarget section */
		D3C7A11E1BCF13B60067C3D7 /* Jueguito */ = {
			isa = PBXNativeTarget;
			buildConfigurationList = D3C7A1311BCF13B60067C3D7 /* Build configuration list for PBXNativeTarget "Jueguito" */;
			buildPhases = (
				D3C7A11B1BCF13B60067C3D7 /* Sources */,
				D3C7A11C1BCF13B60067C3D7 /* Frameworks */,
				D3C7A11D1BCF13B60067C3D7 /* Resources */,
			);
			buildRules = (
			);
			dependencies = (
			);
			name = Jueguito;
			productName = Jueguito;
			productReference = D3C7A11F1BCF13B60067C3D7 /* Jueguito.app */;
			productType = "com.apple.product-type.application";
		};
/* End PBXNativeTarget section */

/* Begin PBXProject section */
		D3C7A1171BCF13B60067C3D7 /* Project object */ = {
			isa = PBXProject;
			attributes = {
				LastUpgradeCheck = 0700;
				ORGANIZATIONNAME = "Alberto Pacheco";
				TargetAttributes = {
					D3C7A11E1BCF13B60067C3D7 = {
						CreatedOnToolsVersion = 7.0;
					};
				};
			};
			buildConfigurationList = D3C7A11A1BCF13B60067C3D7 /* Build configuration list for PBXProject "Jueguito" */;
			compatibilityVersion = "Xcode 3.2";
			developmentRegion = English;
			hasScannedForEncodings = 0;
			knownRegions = (
				en,
				Base,
			);
			mainGroup = D3C7A1161BCF13B60067C3D7;
			productRefGroup = D3C7A1201BCF13B60067C3D7 /* Products */;
			projectDirPath = "";
			projectRoot = "";
			targets = (
				D3C7A11E1BCF13B60067C3D7 /* Jueguito */,
			);
		};
/* End PBXProject section */

/* Begin PBXResourcesBuildPhase section */
		D3C7A11D1BCF13B60067C3D7 /* Resources */ = {
			isa = PBXResourcesBuildPhase;
			buildActionMask = 2147483647;
			files = (
				D3C7A1351BCF164F0067C3D7 /* splash.jpg in Resources */,
				D3C7A12D1BCF13B60067C3D7 /* LaunchScreen.storyboard in Resources */,
				D3C7A12A1BCF13B60067C3D7 /* Assets.xcassets in Resources */,
				D3C7A1281BCF13B60067C3D7 /* Main.storyboard in Resources */,
			);
			runOnlyForDeploymentPostprocessing = 0;
		};
/* End PBXResourcesBuildPhase section */

/* Begin PBXSourcesBuildPhase section */
		D3C7A11B1BCF13B60067C3D7 /* Sources */ = {
			isa = PBXSourcesBuildPhase;
			buildActionMask = 2147483647;
			files = (
				D3C7A1371BCF23C50067C3D7 /* Libreria.swift in Sources */,
				D3C7A1251BCF13B60067C3D7 /* ViewController.swift in Sources */,
				D3C7A1231BCF13B60067C3D7 /* AppDelegate.swift in Sources */,
			);
			runOnlyForDeploymentPostprocessing = 0;
		};
/* End PBXSourcesBuildPhase section */

/* Begin PBXVariantGroup section */
		D3C7A1261BCF13B60067C3D7 /* Main.storyboard */ = {
			isa = PBXVariantGroup;
			children = (
				D3C7A1271BCF13B60067C3D7 /* Base */,
			);
			name = Main.storyboard;
			sourceTree = "<group>";
		};
		D3C7A12B1BCF13B60067C3D7 /* LaunchScreen.storyboard */ = {
			isa = PBXVariantGroup;
			children = (
				D3C7A12C1BCF13B60067C3D7 /* Base */,
			);
			name = LaunchScreen.storyboard;
			sourceTree = "<group>";
		};
/* End PBXVariantGroup section */

/* Begin XCBuildConfiguration section */
		D3C7A12F1BCF13B60067C3D7 /* Debug */ = {
			isa = XCBuildConfiguration;
			buildSettings = {
				ALWAYS_SEARCH_USER_PATHS = NO;
				CLANG_CXX_LANGUAGE_STANDARD = "gnu++0x";
				CLANG_CXX_LIBRARY = "libc++";
				CLANG_ENABLE_MODULES = YES;
				CLANG_ENABLE_OBJC_ARC = YES;
				CLANG_WARN_BOOL_CONVERSION = YES;
				CLANG_WARN_CONSTANT_CONVERSION = YES;
				CLANG_WARN_DIRECT_OBJC_ISA_USAGE = YES_ERROR;
				CLANG_WARN_EMPTY_BODY = YES;
				CLANG_WARN_ENUM_CONVERSION = YES;
				CLANG_WARN_INT_CONVERSION = YES;
				CLANG_WARN_OBJC_ROOT_CLASS = YES_ERROR;
				CLANG_WARN_UNREACHABLE_CODE = YES;
				CLANG_WARN__DUPLICATE_METHOD_MATCH = YES;
				"CODE_SIGN_IDENTITY[sdk=iphoneos*]" = "iPhone Developer";
				COPY_PHASE_STRIP = NO;
				DEBUG_INFORMATION_FORMAT = dwarf;
				ENABLE_STRICT_OBJC_MSGSEND = YES;
				ENABLE_TESTABILITY = YES;
				GCC_C_LANGUAGE_STANDARD = gnu99;
				GCC_DYNAMIC_NO_PIC = NO;
				GCC_NO_COMMON_BLOCKS = YES;
				GCC_OPTIMIZATION_LEVEL = 0;
				GCC_PREPROCESSOR_DEFINITIONS = (
					"DEBUG=1",
					"$(inherited)",
				);
				GCC_WARN_64_TO_32_BIT_CONVERSION = YES;
				GCC_WARN_ABOUT_RETURN_TYPE = YES_ERROR;
				GCC_WARN_UNDECLARED_SELECTOR = YES;
				GCC_WARN_UNINITIALIZED_AUTOS = YES_AGGRESSIVE;
				GCC_WARN_UNUSED_FUNCTION = YES;
				GCC_WARN_UNUSED_VARIABLE = YES;
				IPHONEOS_DEPLOYMENT_TARGET = 9.0;
				MTL_ENABLE_DEBUG_INFO = YES;
				ONLY_ACTIVE_ARCH = YES;
				SDKROOT = iphoneos;
				SWIFT_OPTIMIZATION_LEVEL = "-Onone";
			};
			name = Debug;
		};
		D3C7A1301BCF13B60067C3D7 /* Release */ = {
			isa = XCBuildConfiguration;
			buildSettings = {
				ALWAYS_SEARCH_USER_PATHS = NO;
				CLANG_CXX_LANGUAGE_STANDARD = "gnu++0x";
				CLANG_CXX_LIBRARY = "libc++";
				CLANG_ENABLE_MODULES = YES;
				CLANG_ENABLE_OBJC_ARC = YES;
				CLANG_WARN_BOOL_CONVERSION = YES;
				CLANG_WARN_CONSTANT_CONVERSION = YES;
				CLANG_WARN_DIRECT_OBJC_ISA_USAGE = YES_ERROR;
				CLANG_WARN_EMPTY_BODY = YES;
				CLANG_WARN_ENUM_CONVERSION = YES;
				CLANG_WARN_INT_CONVERSION = YES;
				CLANG_WARN_OBJC_ROOT_CLASS = YES_ERROR;
				CLANG_WARN_UNREACHABLE_CODE = YES;
				CLANG_WARN__DUPLICATE_METHOD_MATCH = YES;
				"CODE_SIGN_IDENTITY[sdk=iphoneos*]" = "iPhone Developer";
				COPY_PHASE_STRIP = NO;
				DEBUG_INFORMATION_FORMAT = "dwarf-with-dsym";
				ENABLE_NS_ASSERTIONS = NO;
				ENABLE_STRICT_OBJC_MSGSEND = YES;
				GCC_C_LANGUAGE_STANDARD = gnu99;
				GCC_NO_COMMON_BLOCKS = YES;
				GCC_WARN_64_TO_32_BIT_CONVERSION = YES;
				GCC_WARN_ABOUT_RETURN_TYPE = YES_ERROR;
				GCC_WARN_UNDECLARED_SELECTOR = YES;
				GCC_WARN_UNINITIALIZED_AUTOS = YES_AGGRESSIVE;
				GCC_WARN_UNUSED_FUNCTION = YES;
				GCC_WARN_UNUSED_VARIABLE = YES;
				IPHONEOS_DEPLOYMENT_TARGET = 9.0;
				MTL_ENABLE_DEBUG_INFO = NO;
				SDKROOT = iphoneos;
				VALIDATE_PRODUCT = YES;
			};
			name = Release;
		};
		D3C7A1321BCF13B60067C3D7 /* Debug */ = {
			isa = XCBuildConfiguration;
			buildSettings = {
				ASSETCATALOG_COMPILER_APPICON_NAME = AppIcon;
				INFOPLIST_FILE = Jueguito/Info.plist;
				LD_RUNPATH_SEARCH_PATHS = "$(inherited) @executable_path/Frameworks";
				PRODUCT_BUNDLE_IDENTIFIER = mx.ITChihuahua.Jueguito;
				PRODUCT_NAME = "$(TARGET_NAME)";
			};
			name = Debug;
		};
		D3C7A1331BCF13B60067C3D7 /* Release */ = {
			isa = XCBuildConfiguration;
			buildSettings = {
				ASSETCATALOG_COMPILER_APPICON_NAME = AppIcon;
				INFOPLIST_FILE = Jueguito/Info.plist;
				LD_RUNPATH_SEARCH_PATHS = "$(inherited) @executable_path/Frameworks";
				PRODUCT_BUNDLE_IDENTIFIER = mx.ITChihuahua.Jueguito;
				PRODUCT_NAME = "$(TARGET_NAME)";
			};
			name = Release;
		};
/* End XCBuildConfiguration section */

/* Begin XCConfigurationList section */
		D3C7A11A1BCF13B60067C3D7 /* Build configuration list for PBXProject "Jueguito" */ = {
			isa = XCConfigurationList;
			buildConfigurations = (
				D3C7A12F1BCF13B60067C3D7 /* Debug */,
				D3C7A1301BCF13B60067C3D7 /* Release */,
			);
			defaultConfigurationIsVisible = 0;
			defaultConfigurationName = Release;
		};
		D3C7A1311BCF13B60067C3D7 /* Build configuration list for PBXNativeTarget "Jueguito" */ = {
			isa = XCConfigurationList;
			buildConfigurations = (
				D3C7A1321BCF13B60067C3D7 /* Debug */,
				D3C7A1331BCF13B60067C3D7 /* Release */,
			);
			defaultConfigurationIsVisible = 0;
		};
/* End XCConfigurationList section */
	};
	rootObject = D3C7A1171BCF13B60067C3D7 /* Project object */;
}
